{
  "name": "@openadam/capability-http-bridge",
  "version": "0.1.0",
  "lockfileVersion": 3,
  "requires": true,
  "packages": {
    "": {
      "name": "@openadam/capability-http-bridge",
      "version": "0.1.0",
      "license": "Apache-2.0",
      "bin": {
        "openadam-capability-http-bridge": "src/adapter.mjs"
      },
      "engines": {
        "node": ">=22.12.0"
      }
    }
  }
}
